
Microsoft Visual Studio Solution File, Format Version 12.00
# Visual Studio 15
VisualStudioVersion = 15.0.26730.10
MinimumVisualStudioVersion = 10.0.40219.1
Project("{9A19103F-16F7-4668-BE54-9A1E7A4F7556}") = "QCloud.WeApp.SDK", "QCloud.WeApp.SDK\QCloud.WeApp.SDK.csproj", "{62502143-7CBB-4DE0-BEFA-C0964F80AABB}"
EndProject
Project("{9A19103F-16F7-4668-BE54-9A1E7A4F7556}") = "YC.Web", "YC.Web\YC.Web.csproj", "{06331A2C-7A9D-4B82-8387-FA9A8B97E314}"
EndProject
Global
	GlobalSection(SolutionConfigurationPlatforms) = preSolution
		Debug|Any CPU = Debug|Any CPU
		Release|Any CPU = Release|Any CPU
	EndGlobalSection
	GlobalSection(ProjectConfigurationPlatforms) = postSolution
		{62502143-7CBB-4DE0-BEFA-C0964F80AABB}.Debug|Any CPU.ActiveCfg = Debug|Any CPU
		{62502143-7CBB-4DE0-BEFA-C0964F80AABB}.Debug|Any CPU.Build.0 = Debug|Any CPU
		{62502143-7CBB-4DE0-BEFA-C0964F80AABB}.Release|Any CPU.ActiveCfg = Release|Any CPU
		{62502143-7CBB-4DE0-BEFA-C0964F80AABB}.Release|Any CPU.Build.0 = Release|Any CPU
		{06331A2C-7A9D-4B82-8387-FA9A8B97E314}.Debug|Any CPU.ActiveCfg = Debug|Any CPU
		{06331A2C-7A9D-4B82-8387-FA9A8B97E314}.Debug|Any CPU.Build.0 = Debug|Any CPU
		{06331A2C-7A9D-4B82-8387-FA9A8B97E314}.Release|Any CPU.ActiveCfg = Release|Any CPU
		{06331A2C-7A9D-4B82-8387-FA9A8B97E314}.Release|Any CPU.Build.0 = Release|Any CPU
	EndGlobalSection
	GlobalSection(SolutionProperties) = preSolution
		HideSolutionNode = FALSE
	EndGlobalSection
	GlobalSection(ExtensibilityGlobals) = postSolution
		SolutionGuid = {8C042483-F143-42F4-AAEE-AEED7D006FF5}
	EndGlobalSection
EndGlobal
